{
    "_meta": {
        "hash": {
            "sha256": "b718f18955d9f5f82423c8457f818314336104470b61f7f9689a34200890c72e"
        },
        "pipfile-spec": 6,
        "requires": {
            "python_version": "3.6"
        },
        "sources": [
            {
                "name": "pypi",
                "url": "https://pypi.org/simple",
                "verify_ssl": true
            }
        ]
    },
    "default": {
        "requests": {
            "hashes": [
                "sha256:f10d8fbcc02a58056ab44f79ff9b3f9fe78e410296527885250bbb36d15be8c6"
            ],
            "index": "pypi",
            "version": "==1.0.0"
        }
    },
    "develop": {}
}
